{
  "name": "dmsi-op-readiness-ii-plan",
  "lockfileVersion": 3,
  "requires": true,
  "packages": {
    "": {
      "name": "dmsi-op-readiness-ii-plan",
      "devDependencies": {
        "dynamo-os-planning-toolkit": "file:../dynamo-os/planning-toolkit"
      }
    },
    "../dynamo-os/planning-toolkit": {
      "name": "dynamo-os-planning-toolkit",
      "version": "0.6.3",
      "dev": true,
      "license": "UNLICENSED",
      "bin": {
        "dynamo-plan": "bin/cli.js"
      },
      "engines": {
        "node": ">=18"
      }
    },
    "node_modules/dynamo-os-planning-toolkit": {
      "resolved": "../dynamo-os/planning-toolkit",
      "link": true
    }
  }
}
